
Microsoft Visual Studio Solution File, Format Version 12.00
# Visual Studio 15
VisualStudioVersion = 15.0.28010.2003
MinimumVisualStudioVersion = 10.0.40219.1
Project("{FAE04EC0-301F-11D3-BF4B-00C04F79EFBC}") = "RestfulPatientService", "RestfulPatientService\RestfulPatientService.csproj", "{01C56BAD-C638-4C99-B4F3-2903529C1CE9}"
EndProject
Project("{FAE04EC0-301F-11D3-BF4B-00C04F79EFBC}") = "RestfulPatientServiceClient", "RestfulPatientServiceClient\RestfulPatientServiceClient.csproj", "{C9691323-6411-4297-8586-74812BBF16D3}"
EndProject
Global
	GlobalSection(SolutionConfigurationPlatforms) = preSolution
		Debug|Any CPU = Debug|Any CPU
		Release|Any CPU = Release|Any CPU
	EndGlobalSection
	GlobalSection(ProjectConfigurationPlatforms) = postSolution
		{01C56BAD-C638-4C99-B4F3-2903529C1CE9}.Debug|Any CPU.ActiveCfg = Debug|Any CPU
		{01C56BAD-C638-4C99-B4F3-2903529C1CE9}.Debug|Any CPU.Build.0 = Debug|Any CPU
		{01C56BAD-C638-4C99-B4F3-2903529C1CE9}.Release|Any CPU.ActiveCfg = Release|Any CPU
		{01C56BAD-C638-4C99-B4F3-2903529C1CE9}.Release|Any CPU.Build.0 = Release|Any CPU
		{C9691323-6411-4297-8586-74812BBF16D3}.Debug|Any CPU.ActiveCfg = Debug|Any CPU
		{C9691323-6411-4297-8586-74812BBF16D3}.Debug|Any CPU.Build.0 = Debug|Any CPU
		{C9691323-6411-4297-8586-74812BBF16D3}.Release|Any CPU.ActiveCfg = Release|Any CPU
		{C9691323-6411-4297-8586-74812BBF16D3}.Release|Any CPU.Build.0 = Release|Any CPU
	EndGlobalSection
	GlobalSection(SolutionProperties) = preSolution
		HideSolutionNode = FALSE
	EndGlobalSection
	GlobalSection(ExtensibilityGlobals) = postSolution
		SolutionGuid = {8811E3AE-87CB-4542-9C68-398DDE7D9E98}
	EndGlobalSection
EndGlobal
